
Microsoft Visual Studio Solution File, Format Version 12.00
# Visual Studio 15
VisualStudioVersion = 15.0.27428.2015
MinimumVisualStudioVersion = 10.0.40219.1
Project("{FAE04EC0-301F-11D3-BF4B-00C04F79EFBC}") = "MultiTenancyBasedIdentityServer", "MultiTenancyBasedIdentityServer\MultiTenancyBasedIdentityServer.csproj", "{3DEA9DC8-01DD-4765-9F4D-9B771F4D8DFD}"
EndProject
Global
	GlobalSection(SolutionConfigurationPlatforms) = preSolution
		Debug|Any CPU = Debug|Any CPU
		Release|Any CPU = Release|Any CPU
	EndGlobalSection
	GlobalSection(ProjectConfigurationPlatforms) = postSolution
		{3DEA9DC8-01DD-4765-9F4D-9B771F4D8DFD}.Debug|Any CPU.ActiveCfg = Debug|Any CPU
		{3DEA9DC8-01DD-4765-9F4D-9B771F4D8DFD}.Debug|Any CPU.Build.0 = Debug|Any CPU
		{3DEA9DC8-01DD-4765-9F4D-9B771F4D8DFD}.Release|Any CPU.ActiveCfg = Release|Any CPU
		{3DEA9DC8-01DD-4765-9F4D-9B771F4D8DFD}.Release|Any CPU.Build.0 = Release|Any CPU
	EndGlobalSection
	GlobalSection(SolutionProperties) = preSolution
		HideSolutionNode = FALSE
	EndGlobalSection
	GlobalSection(ExtensibilityGlobals) = postSolution
		SolutionGuid = {E931F219-05CE-427F-AD50-B4DD9DA87A8A}
	EndGlobalSection
EndGlobal
